{
  "name": "@buckneri/js-lib-icon-svg",
  "version": "0.0.7",
  "lockfileVersion": 1,
  "requires": true,
  "dependencies": {
    "@buckneri/js-lib-dom": {
      "version": "0.0.1",
      "resolved": "https://registry.npmjs.org/@buckneri/js-lib-dom/-/js-lib-dom-0.0.1.tgz",
      "integrity": "sha512-FwBnnmulYRTBnIk9VMxRaSLXbYQBbnmy+3++8KD/otH7jGMvDNoMauXlCI5FSfjCNJSsB3Zw3gIHSoO3DAmhfQ=="
    },
    "@buckneri/js-lib-math": {
      "version": "0.0.1",
      "resolved": "https://registry.npmjs.org/@buckneri/js-lib-math/-/js-lib-math-0.0.1.tgz",
      "integrity": "sha512-JmYzqQBSB4Dj7loe8xwXIRqpL9fSoyQ1OL0MKRw1dpQ8NH3wRuIng7vF2EUatgaKvwWWuh6YN4ErOhSz51qHeQ=="
    }
  }
}
